{
  "name": "logali",
  "lockfileVersion": 3,
  "requires": true,
  "packages": {
    "": {
      "dependencies": {
        "@sapui5/ts-types": "^1.131.1"
      },
      "devDependencies": {
        "@openui5/ts-types": "^1.132.1"
      }
    },
    "node_modules/@openui5/ts-types": {
      "version": "1.132.1",
      "resolved": "https://registry.npmjs.org/@openui5/ts-types/-/ts-types-1.132.1.tgz",
      "integrity": "sha512-Iz9GUBwnhgr9AZsdUIUcONOYVohzXaZ4fbjeEl/OAp5zFTJgl0dVQJZsoUgOdjW4H24s0HVFwnExjfpeK4qARw==",
      "dev": true,
      "license": "Apache-2.0"
    },
    "node_modules/@sapui5/ts-types": {
      "version": "1.131.1",
      "resolved": "https://registry.npmjs.org/@sapui5/ts-types/-/ts-types-1.131.1.tgz",
      "integrity": "sha512-UT6e2s/4Wph5Hvdc98AGdqoWYXahFVcpmVhRKsin3LBuYbVSKM28G9Co/Ze/54j7nkMbDKX/m+eekwk09IJYww==",
      "license": "SEE LICENSE IN LICENSE.txt"
    }
  }
}
